
Microsoft Visual Studio Solution File, Format Version 12.00
# Visual Studio 2013
VisualStudioVersion = 12.0.31101.0
MinimumVisualStudioVersion = 10.0.40219.1
Project("{FAE04EC0-301F-11D3-BF4B-00C04F79EFBC}") = "Documents", "Documents\Documents.csproj", "{2102BE48-2845-406D-A88C-222A90E9B361}"
EndProject
Project("{FAE04EC0-301F-11D3-BF4B-00C04F79EFBC}") = "Documents.Test", "Documents.Test\Documents.Test.csproj", "{211AA715-0759-4B00-96B9-C79841CCE8FA}"
EndProject
Global
	GlobalSection(SolutionConfigurationPlatforms) = preSolution
		Debug|Any CPU = Debug|Any CPU
		Release|Any CPU = Release|Any CPU
	EndGlobalSection
	GlobalSection(ProjectConfigurationPlatforms) = postSolution
		{2102BE48-2845-406D-A88C-222A90E9B361}.Debug|Any CPU.ActiveCfg = Debug|Any CPU
		{2102BE48-2845-406D-A88C-222A90E9B361}.Debug|Any CPU.Build.0 = Debug|Any CPU
		{2102BE48-2845-406D-A88C-222A90E9B361}.Release|Any CPU.ActiveCfg = Release|Any CPU
		{2102BE48-2845-406D-A88C-222A90E9B361}.Release|Any CPU.Build.0 = Release|Any CPU
		{211AA715-0759-4B00-96B9-C79841CCE8FA}.Debug|Any CPU.ActiveCfg = Debug|Any CPU
		{211AA715-0759-4B00-96B9-C79841CCE8FA}.Debug|Any CPU.Build.0 = Debug|Any CPU
		{211AA715-0759-4B00-96B9-C79841CCE8FA}.Release|Any CPU.ActiveCfg = Release|Any CPU
		{211AA715-0759-4B00-96B9-C79841CCE8FA}.Release|Any CPU.Build.0 = Release|Any CPU
	EndGlobalSection
	GlobalSection(SolutionProperties) = preSolution
		HideSolutionNode = FALSE
	EndGlobalSection
EndGlobal
